// !$*UTF8*$!
{
	archiveVersion = 1;
	classes = {
	};
	objectVersion = 50;
	objects = {

/* Begin PBXGroup section */
		DA7FA064213BC70200CBC7EE = {
			isa = PBXGroup;
			children = (
			);
			sourceTree = "<group>";
		};
/* End PBXGroup section */

/* Begin PBXProject section */
		DA7FA065213BC70200CBC7EE /* Project object */ = {
			isa = PBXProject;
			attributes = {
				LastUpgradeCheck = 0940;
			};
			buildConfigurationList = DA7FA068213BC70200CBC7EE /* Build configuration list for PBXProject "RxSwiftPlaygroundSample" */;
			compatibilityVersion = "Xcode 9.3";
			developmentRegion = en;
			hasScannedForEncodings = 0;
			knownRegions = (
				en,
			);
			mainGroup = DA7FA064213BC70200CBC7EE;
			projectDirPath = "";
			projectRoot = "";
			targets = (
			);
		};
/* End PBXProject section */

/* Begin XCBuildConfiguration section */
		DA7FA069213BC70200CBC7EE /* Debug */ = {
			isa = XCBuildConfiguration;
			buildSettings = {
			};
			name = Debug;
		};
		DA7FA06A213BC70200CBC7EE /* Release */ = {
			isa = XCBuildConfiguration;
			buildSettings = {
			};
			name = Release;
		};
/* End XCBuildConfiguration section */

/* Begin XCConfigurationList section */
		DA7FA068213BC70200CBC7EE /* Build configuration list for PBXProject "RxSwiftPlaygroundSample" */ = {
			isa = XCConfigurationList;
			buildConfigurations = (
				DA7FA069213BC70200CBC7EE /* Debug */,
				DA7FA06A213BC70200CBC7EE /* Release */,
			);
			defaultConfigurationIsVisible = 0;
			defaultConfigurationName = Release;
		};
/* End XCConfigurationList section */
	};
	rootObject = DA7FA065213BC70200CBC7EE /* Project object */;
}
